<?xml version="1.0" encoding="utf-8"?>
<Project ToolsVersion="4.0" xmlns="http://schemas.microsoft.com/developer/msbuild/2003">
  <ItemGroup>
    <Filter Include="源文件">
      <UniqueIdentifier>{4FC737F1-C7A5-4376-A066-2A32D752A2FF}</UniqueIdentifier>
      <Extensions>cpp;c;cc;cxx;def;odl;idl;hpj;bat;asm;asmx</Extensions>
    </Filter>
    <Filter Include="头文件">
      <UniqueIdentifier>{93995380-89BD-4b04-88EB-625FBE52EBFB}</UniqueIdentifier>
      <Extensions>h;hh;hpp;hxx;hm;inl;inc;xsd</Extensions>
    </Filter>
    <Filter Include="资源文件">
      <UniqueIdentifier>{67DA6AB6-F800-4c08-8B7A-83BB121AAD01}</UniqueIdentifier>
      <Extensions>rc;ico;cur;bmp;dlg;rc2;rct;bin;rgs;gif;jpg;jpeg;jpe;resx;tiff;tif;png;wav;mfcribbon-ms</Extensions>
    </Filter>
    <Filter Include="alloc">
      <UniqueIdentifier>{dbeedb48-771e-4f9b-bf18-d6052c522917}</UniqueIdentifier>
    </Filter>
    <Filter Include="vector">
      <UniqueIdentifier>{4bbc5119-2039-45e9-9897-e0ed0ac96488}</UniqueIdentifier>
    </Filter>
    <Filter Include="traits">
      <UniqueIdentifier>{f38f82d9-a1b9-40b1-9244-006d89973a6f}</UniqueIdentifier>
    </Filter>
    <Filter Include="iterator">
      <UniqueIdentifier>{ac3de97f-f3c4-4f9f-a23f-f80acc989ca2}</UniqueIdentifier>
    </Filter>
  </ItemGroup>
  <ItemGroup>
    <ClInclude Include="alloc\alloc.h">
      <Filter>alloc</Filter>
    </ClInclude>
    <ClInclude Include="alloc\stl_alloc.h">
      <Filter>alloc</Filter>
    </ClInclude>
    <ClInclude Include="alloc\stl_construct.h">
      <Filter>alloc</Filter>
    </ClInclude>
    <ClInclude Include="alloc\stl_malloc_alloc_template.h">
      <Filter>alloc</Filter>
    </ClInclude>
    <ClInclude Include="alloc\stl_default_alloc_template.h">
      <Filter>alloc</Filter>
    </ClInclude>
    <ClInclude Include="alloc\stl_uninitialized.h">
      <Filter>alloc</Filter>
    </ClInclude>
    <ClInclude Include="vector\vector.h">
      <Filter>vector</Filter>
    </ClInclude>
    <ClInclude Include="iterator\iterator.h">
      <Filter>iterator</Filter>
    </ClInclude>
    <ClInclude Include="traits\traits.h">
      <Filter>traits</Filter>
    </ClInclude>
  </ItemGroup>
  <ItemGroup>
    <ClCompile Include="alloc\alloc.cpp">
      <Filter>alloc</Filter>
    </ClCompile>
    <ClCompile Include="main.cpp">
      <Filter>源文件</Filter>
    </ClCompile>
    <ClCompile Include="vector\vector.cpp">
      <Filter>vector</Filter>
    </ClCompile>
  </ItemGroup>
</Project>